
Microsoft Visual Studio Solution File, Format Version 11.00
# Visual Studio 2010
Project("{FAE04EC0-301F-11D3-BF4B-00C04F79EFBC}") = "Assembly-CSharp", "Assembly-CSharp.csproj", "{8F40A4AA-F9C0-4698-103A-E4431047255D}"
EndProject
Project("{FAE04EC0-301F-11D3-BF4B-00C04F79EFBC}") = "Oculus.VR", "Oculus.VR.csproj", "{2E5E26AE-901E-5FB6-6A35-74A37C8720DC}"
EndProject
Project("{FAE04EC0-301F-11D3-BF4B-00C04F79EFBC}") = "Assembly-CSharp-Editor", "Assembly-CSharp-Editor.csproj", "{835F562B-4A43-F1F6-3CED-5592DEE2CD15}"
EndProject
Project("{FAE04EC0-301F-11D3-BF4B-00C04F79EFBC}") = "Oculus.VR.Scripts.Editor", "Oculus.VR.Scripts.Editor.csproj", "{5E829FD2-A32D-9DE5-2651-094E15615197}"
EndProject
Project("{FAE04EC0-301F-11D3-BF4B-00C04F79EFBC}") = "Oculus.VR.Editor", "Oculus.VR.Editor.csproj", "{D88B427C-C2F1-3D63-AC37-573A81400976}"
EndProject
Project("{FAE04EC0-301F-11D3-BF4B-00C04F79EFBC}") = "Assembly-CSharp-Editor-firstpass", "Assembly-CSharp-Editor-firstpass.csproj", "{070A56BC-50AA-91D4-054D-67FCE055B80C}"
EndProject
Global
	GlobalSection(SolutionConfigurationPlatforms) = preSolution
		Debug|Any CPU = Debug|Any CPU
		Release|Any CPU = Release|Any CPU
	EndGlobalSection
	GlobalSection(ProjectConfigurationPlatforms) = postSolution
		{8F40A4AA-F9C0-4698-103A-E4431047255D}.Debug|Any CPU.ActiveCfg = Debug|Any CPU
		{8F40A4AA-F9C0-4698-103A-E4431047255D}.Debug|Any CPU.Build.0 = Debug|Any CPU
		{8F40A4AA-F9C0-4698-103A-E4431047255D}.Release|Any CPU.ActiveCfg = Release|Any CPU
		{8F40A4AA-F9C0-4698-103A-E4431047255D}.Release|Any CPU.Build.0 = Release|Any CPU
		{2E5E26AE-901E-5FB6-6A35-74A37C8720DC}.Debug|Any CPU.ActiveCfg = Debug|Any CPU
		{2E5E26AE-901E-5FB6-6A35-74A37C8720DC}.Debug|Any CPU.Build.0 = Debug|Any CPU
		{2E5E26AE-901E-5FB6-6A35-74A37C8720DC}.Release|Any CPU.ActiveCfg = Release|Any CPU
		{2E5E26AE-901E-5FB6-6A35-74A37C8720DC}.Release|Any CPU.Build.0 = Release|Any CPU
		{835F562B-4A43-F1F6-3CED-5592DEE2CD15}.Debug|Any CPU.ActiveCfg = Debug|Any CPU
		{835F562B-4A43-F1F6-3CED-5592DEE2CD15}.Debug|Any CPU.Build.0 = Debug|Any CPU
		{835F562B-4A43-F1F6-3CED-5592DEE2CD15}.Release|Any CPU.ActiveCfg = Release|Any CPU
		{835F562B-4A43-F1F6-3CED-5592DEE2CD15}.Release|Any CPU.Build.0 = Release|Any CPU
		{5E829FD2-A32D-9DE5-2651-094E15615197}.Debug|Any CPU.ActiveCfg = Debug|Any CPU
		{5E829FD2-A32D-9DE5-2651-094E15615197}.Debug|Any CPU.Build.0 = Debug|Any CPU
		{5E829FD2-A32D-9DE5-2651-094E15615197}.Release|Any CPU.ActiveCfg = Release|Any CPU
		{5E829FD2-A32D-9DE5-2651-094E15615197}.Release|Any CPU.Build.0 = Release|Any CPU
		{D88B427C-C2F1-3D63-AC37-573A81400976}.Debug|Any CPU.ActiveCfg = Debug|Any CPU
		{D88B427C-C2F1-3D63-AC37-573A81400976}.Debug|Any CPU.Build.0 = Debug|Any CPU
		{D88B427C-C2F1-3D63-AC37-573A81400976}.Release|Any CPU.ActiveCfg = Release|Any CPU
		{D88B427C-C2F1-3D63-AC37-573A81400976}.Release|Any CPU.Build.0 = Release|Any CPU
		{070A56BC-50AA-91D4-054D-67FCE055B80C}.Debug|Any CPU.ActiveCfg = Debug|Any CPU
		{070A56BC-50AA-91D4-054D-67FCE055B80C}.Debug|Any CPU.Build.0 = Debug|Any CPU
		{070A56BC-50AA-91D4-054D-67FCE055B80C}.Release|Any CPU.ActiveCfg = Release|Any CPU
		{070A56BC-50AA-91D4-054D-67FCE055B80C}.Release|Any CPU.Build.0 = Release|Any CPU
	EndGlobalSection
	GlobalSection(SolutionProperties) = preSolution
		HideSolutionNode = FALSE
	EndGlobalSection
EndGlobal
